# THIS IS AN AUTOGENERATED FILE. DO NOT EDIT THIS FILE DIRECTLY.
# yarn lockfile v1


"@motionone/animation@^10.17.0":
  version "10.17.0"
  resolved "https://registry.yarnpkg.com/@motionone/animation/-/animation-10.17.0.tgz#7633c6f684b5fee2b61c405881b8c24662c68fca"
  integrity sha512-ANfIN9+iq1kGgsZxs+Nz96uiNcPLGTXwfNo2Xz/fcJXniPYpaz/Uyrfa+7I5BPLxCP82sh7quVDudf1GABqHbg==
  dependencies:
    "@motionone/easing" "^10.17.0"
    "@motionone/types" "^10.17.0"
    "@motionone/utils" "^10.17.0"
    tslib "^2.3.1"

"@motionone/dom@^10.17.0":
  version "10.17.0"
  resolved "https://registry.yarnpkg.com/@motionone/dom/-/dom-10.17.0.tgz#519dd78aab0750a94614c69a82da5290cd617383"
  integrity sha512-cMm33swRlCX/qOPHWGbIlCl0K9Uwi6X5RiL8Ma6OrlJ/TP7Q+Np5GE4xcZkFptysFjMTi4zcZzpnNQGQ5D6M0Q==
  dependencies:
    "@motionone/animation" "^10.17.0"
    "@motionone/generators" "^10.17.0"
    "@motionone/types" "^10.17.0"
    "@motionone/utils" "^10.17.0"
    hey-listen "^1.0.8"
    tslib "^2.3.1"

"@motionone/easing@^10.17.0":
  version "10.17.0"
  resolved "https://registry.yarnpkg.com/@motionone/easing/-/easing-10.17.0.tgz#d66cecf7e3ee30104ad00389fb3f0b2282d81aa9"
  integrity sha512-Bxe2wSuLu/qxqW4rBFS5m9tMLOw+QBh8v5A7Z5k4Ul4sTj5jAOfZG5R0bn5ywmk+Fs92Ij1feZ5pmC4TeXA8Tg==
  dependencies:
    "@motionone/utils" "^10.17.0"
    tslib "^2.3.1"

"@motionone/generators@^10.17.0":
  version "10.17.0"
  resolved "https://registry.yarnpkg.com/@motionone/generators/-/generators-10.17.0.tgz#878d292539c41434c13310d5f863a87a94e6e689"
  integrity sha512-T6Uo5bDHrZWhIfxG/2Aut7qyWQyJIWehk6OB4qNvr/jwA/SRmixwbd7SOrxZi1z5rH3LIeFFBKK1xHnSbGPZSQ==
  dependencies:
    "@motionone/types" "^10.17.0"
    "@motionone/utils" "^10.17.0"
    tslib "^2.3.1"

"@motionone/types@^10.17.0":
  version "10.17.0"
  resolved "https://registry.yarnpkg.com/@motionone/types/-/types-10.17.0.tgz#179571ce98851bac78e19a1c3974767227f08ba3"
  integrity sha512-EgeeqOZVdRUTEHq95Z3t8Rsirc7chN5xFAPMYFobx8TPubkEfRSm5xihmMUkbaR2ErKJTUw3347QDPTHIW12IA==

"@motionone/utils@^10.17.0":
  version "10.17.0"
  resolved "https://registry.yarnpkg.com/@motionone/utils/-/utils-10.17.0.tgz#cc0ba8acdc6848ff48d8c1f2d0d3e7602f4f942e"
  integrity sha512-bGwrki4896apMWIj9yp5rAS2m0xyhxblg6gTB/leWDPt+pb410W8lYWsxyurX+DH+gO1zsQsfx2su/c1/LtTpg==
  dependencies:
    "@motionone/types" "^10.17.0"
    hey-listen "^1.0.8"
    tslib "^2.3.1"

hey-listen@^1.0.8:
  version "1.0.8"
  resolved "https://registry.yarnpkg.com/hey-listen/-/hey-listen-1.0.8.tgz#8e59561ff724908de1aa924ed6ecc84a56a9aa68"
  integrity sha512-COpmrF2NOg4TBWUJ5UVyaCU2A88wEMkUPK4hNqyCkqHbxT92BbvfjoSozkAIIm6XhicGlJHhFdullInrdhwU8Q==

motion@^10.17.0:
  version "10.17.0"
  resolved "https://registry.yarnpkg.com/motion/-/motion-10.17.0.tgz#d7ad56f5e8164c0bf097c481311d263961a393fd"
  integrity sha512-yBHYkrnJRiomuo88YQzG/v+nzFXKNlKw/Hh7uy8AV7nrYHnE07O6PEECShGbFmZvLrAOGc9qKzEDYmspDYjNWw==
  dependencies:
    "@motionone/animation" "^10.17.0"
    "@motionone/dom" "^10.17.0"
    "@motionone/types" "^10.17.0"
    "@motionone/utils" "^10.17.0"

tslib@^2.3.1:
  version "2.6.2"
  resolved "https://registry.yarnpkg.com/tslib/-/tslib-2.6.2.tgz#703ac29425e7b37cd6fd456e92404d46d1f3e4ae"
  integrity sha512-AEYxH93jGFPn/a2iVAwW87VuUIkR1FVUKB77NwMF7nBTDkDrrT/Hpt/IrCJ0QXhW27jTBDcf5ZY7w6RiqTMw2Q==
